
Microsoft Visual Studio Solution File, Format Version 12.00
# Visual Studio Version 16
VisualStudioVersion = 16.0.30413.136
MinimumVisualStudioVersion = 10.0.40219.1
Project("{FAE04EC0-301F-11D3-BF4B-00C04F79EFBC}") = "WindowsFormsApp1", "WindowsFormsApp1\WindowsFormsApp1.csproj", "{4CF6C371-3219-4712-9D9D-816805A95601}"
EndProject
Global
	GlobalSection(SolutionConfigurationPlatforms) = preSolution
		Debug|Any CPU = Debug|Any CPU
		Release|Any CPU = Release|Any CPU
	EndGlobalSection
	GlobalSection(ProjectConfigurationPlatforms) = postSolution
		{4CF6C371-3219-4712-9D9D-816805A95601}.Debug|Any CPU.ActiveCfg = Debug|Any CPU
		{4CF6C371-3219-4712-9D9D-816805A95601}.Debug|Any CPU.Build.0 = Debug|Any CPU
		{4CF6C371-3219-4712-9D9D-816805A95601}.Release|Any CPU.ActiveCfg = Release|Any CPU
		{4CF6C371-3219-4712-9D9D-816805A95601}.Release|Any CPU.Build.0 = Release|Any CPU
	EndGlobalSection
	GlobalSection(SolutionProperties) = preSolution
		HideSolutionNode = FALSE
	EndGlobalSection
	GlobalSection(ExtensibilityGlobals) = postSolution
		SolutionGuid = {44540809-9805-48E8-8F03-102A215F25B7}
	EndGlobalSection
EndGlobal
